codeberg.org/vula/highctidh v1.0.2024012400 h1:W0vCA6HbtfONz3nQcfjFdrrO3dcFJTjYkD5OUlL43SE=
codeberg.org/vula/highctidh v1.0.2024012400/go.mod h1:admvznk7GhsrDih/BMy7jbIv9Y86U9vj7S5FVoquF/g=
filippo.io/mlkem768 v0.0.0-20260214141301-2e7bebc7d88d h1:YyLyABjdrdt2l/E6JAnku4BjhEDXhxQD2bPOnOvy8/M=
filippo.io/mlkem768 v0.0.0-20260214141301-2e7bebc7d88d/go.mod h1:ym4egWKLpazdho3bHx0xuQlCq02ttP+vhxxKO8LgO9c=
github.com/davecgh/go-spew v1.1.0/go.mod h1:J7Y8YcW2NihsgmVo/mv3lAwl/skON4iLHjSsI+c5H38=
github.com/dchest/siphash v1.2.3 h1:QXwFc8cFOR2dSa/gE6o/HokBMWtLUaNDVd+22aKHeEA=
github.com/dchest/siphash v1.2.3/go.mod h1:0NvQU092bT0ipiFN++/rXm69QG9tVxLAlQHIXMPAkHc=
github.com/ericlagergren/polyval v0.0.0-20230805202542-18692a1b76f9 h1:NUmyvuwVoDsIFzOGFKW4zpCtQTbX2T4JpSn1jal64gM=
github.com/ericlagergren/polyval v0.0.0-20230805202542-18692a1b76f9/go.mod h1:aXxf//HFNaacVV7/YZ8qevpNZAEoxSCpoBjscNhjrCI=
github.com/ericlagergren/subtle v0.0.0-20220507045147-890d697da010 h1:fuGucgPk5dN6wzfnxl3D0D3rVLw4v2SbBT9jb4VnxzA=
github.com/ericlagergren/subtle v0.0.0-20220507045147-890d697da010/go.mod h1:JtBcj7sBuTTRupn7c2bFspMDIObMJsVK8TeUvpShPok=
github.com/go-faster/xor v1.0.0 h1:2o8vTOgErSGHP3/7XwA5ib1FTtUsNtwCoLLBjl31X38=
github.com/go-faster/xor v1.0.0/go.mod h1:x5CaDY9UKErKzqfRfFZdfu+OSTfoZny3w5Ak7UxcipQ=
github.com/jedisct1/go-aes v0.1.1 h1:mBPxSaym/SgLWdxvY7LKP+sPfGmztFV+xdR/bYCf+xM=
github.com/jedisct1/go-aes v0.1.1/go.mod h1:A+yffscaAVUE81SLbDdPQbuj9QlvumieyrF5l5Xl/RA=
github.com/katzenpost/chacha20 v0.0.0-20190910113340-7ce890d6a556 h1:9gHByAWH1LydGefFGorN1ZBRZ/Oz9iozdzMvRTWpyRw=
github.com/katzenpost/chacha20 v0.0.0-20190910113340-7ce890d6a556/go.mod h1:d9kxwmGOcutgP6bQwr2xaLInaW5yJsxsoPRyUIG0J/E=
github.com/katzenpost/circl v1.3.9-0.20240222183521-1cd9a34e9a0c h1:FYy03rLIjdyjklBOI6YSCb3q7OubTx0dVDWYOgDsvA8=
github.com/katzenpost/circl v1.3.9-0.20240222183521-1cd9a34e9a0c/go.mod h1:+EBrwiGYs9S+qZqaqxujN1CReTNCMAG6p+31KkEDeeA=
github.com/katzenpost/hpqc v0.0.19 h1:zE/r9/Cbgcq336CwWBX17VTXXKRkC0Bx7lOfqrkdxLo=
github.com/katzenpost/hpqc v0.0.19/go.mod h1:LJKX+WZenSYuz1o2xwzQ3SUWN/DZdItqw6A/yI8fum4=
github.com/katzenpost/nyquist v0.0.10 h1:rh9TCEXCsutsg+cvbV6ASVFnzSAYBisWQ3fnwQSPa34=
github.com/katzenpost/nyquist v0.0.10/go.mod h1:tyK92JiCptgsaE0iUAMlt5W2v2Rdw6mnUpIdIidIGHo=
github.com/katzenpost/sntrup4591761 v0.0.0-20231024131303-8755eb1986b8 h1:TsKxH0x2RUwf5rBw67k15bqVM3oVbexA9oaTZQLIy3Y=
github.com/katzenpost/sntrup4591761 v0.0.0-20231024131303-8755eb1986b8/go.mod h1:Hmcrwom7jcEmGdo0CsyuJNnldPeyS+M07FuCbo7I8fw=
github.com/klauspost/cpuid/v2 v2.2.10 h1:tBs3QSyvjDyFTq3uoc/9xFpCuOsJQFNPiAhYdw2skhE=
github.com/klauspost/cpuid/v2 v2.2.10/go.mod h1:hqwkgyIinND0mEev00jJYCxPNVRVXFQeu1XKlok6oO0=
github.com/magical/go-ascon v0.0.0-20250814060253-762693554ab4 h1:qVxpj7s7dYQB1SO8OrA4T4VIl/gs73oI8fgyinEIV5E=
github.com/magical/go-ascon v0.0.0-20250814060253-762693554ab4/go.mod h1:B0N6xOH8l+HkJ6VS2/kEqlNPpPNO11MYhUJ+0F/PAnY=
github.com/mattn/go-pointer v0.0.1 h1:n+XhsuGeVO6MEAp7xyEukFINEa+Quek5psIR/ylA6o0=
github.com/mattn/go-pointer v0.0.1/go.mod h1:2zXcozF6qYGgmsG+SeTZz3oAbFLdD3OWqnUbNvJZAlc=
github.com/minio/sio v0.4.3 h1:JqyID1XM86KwBZox5RAdLD4MLPIDoCY2cke2CXCJCkg=
github.com/minio/sio v0.4.3/go.mod h1:4ANoe4CCXqnt1FCiLM0+vlBUhhWZzVOhYCz0069KtFc=
github.com/oasisprotocol/curve25519-voi v0.0.0-20230904125328-1f23a7beb09a h1:dlRvE5fWabOchtH7znfiFCcOvmIYgOeAS5ifBXBlh9Q=
github.com/oasisprotocol/curve25519-voi v0.0.0-20230904125328-1f23a7beb09a/go.mod h1:hVoHR2EVESiICEMbg137etN/Lx+lSrHPTD39Z/uE+2s=
github.com/oasisprotocol/deoxysii v0.0.0-20220228165953-2091330c22b7 h1:1102pQc2SEPp5+xrS26wEaeb26sZy6k9/ZXlZN+eXE4=
github.com/oasisprotocol/deoxysii v0.0.0-20220228165953-2091330c22b7/go.mod h1:UqoUn6cHESlliMhOnKLWr+CBH+e3bazUPvFj1XZwAjs=
github.com/pion/dtls/v3 v3.1.2 h1:gqEdOUXLtCGW+afsBLO0LtDD8GnuBBjEy6HRtyofZTc=
github.com/pion/dtls/v3 v3.1.2/go.mod h1:Hw/igcX4pdY69z1Hgv5x7wJFrUkdgHwAn/Q/uo7YHRo=
github.com/pion/logging v0.2.4 h1:tTew+7cmQ+Mc1pTBLKH2puKsOvhm32dROumOZ655zB8=
github.com/pion/logging v0.2.4/go.mod h1:DffhXTKYdNZU+KtJ5pyQDjvOAh/GsNSyv1lbkFbe3so=
github.com/pion/transport/v4 v4.0.1 h1:sdROELU6BZ63Ab7FrOLn13M6YdJLY20wldXW2Cu2k8o=
github.com/pion/transport/v4 v4.0.1/go.mod h1:nEuEA4AD5lPdcIegQDpVLgNoDGreqM/YqmEx3ovP4jM=
github.com/pmezard/go-difflib v1.0.0/go.mod h1:iKH77koFhYxTK1pcRnkKkqfTogsbg7gZNVY4sRDYZ/4=
github.com/rfjakob/eme v1.1.2 h1:SxziR8msSOElPayZNFfQw4Tjx/Sbaeeh3eRvrHVMUs4=
github.com/rfjakob/eme v1.1.2/go.mod h1:cVvpasglm/G3ngEfcfT/Wt0GwhkuO32pf/poW6Nyk1k=
github.com/stretchr/objx v0.1.0/go.mod h1:HFkY916IF+rwdDfMAkV7OtwuqBVzrE8GR6GFx+wExME=
github.com/stretchr/testify v1.3.0/go.mod h1:M5WIy9Dh21IEIfnGCwXGc5bZfKNJtfHm1UVUgZn+9EI=
github.com/stretchr/testify v1.4.0/go.mod h1:j7eGeouHqKxXV5pUuKE4zz7dFj8WfuZ+81PSLYec5m4=
github.com/zeebo/assert v1.3.0 h1:g7C04CbJuIDKNPFHmsk4hwZDO5O+kntRxzaUoNXj+IQ=
github.com/zeebo/assert v1.3.0/go.mod h1:Pq9JiuJQpG8JLJdtkwrJESF0Foym2/D9XMU5ciN/wJ0=
github.com/zeebo/blake3 v0.2.4 h1:KYQPkhpRtcqh0ssGYcKLG1JYvddkEA8QwCM/yBqhaZI=
github.com/zeebo/blake3 v0.2.4/go.mod h1:7eeQ6d2iXWRGF6npfaxl2CU+xy2Fjo2gxeyZGCRUjcE=
github.com/zeebo/pcg v1.0.1 h1:lyqfGeWiv4ahac6ttHs+I5hwtH/+1mrhlCtVNQM2kHo=
github.com/zeebo/pcg v1.0.1/go.mod h1:09F0S9iiKrwn9rlI5yjLkmrug154/YRW6KnnXVDM/l4=
gitlab.com/yawning/bsaes.git v0.0.0-20190805113838-0a714cd429ec h1:FpfFs4EhNehiVfzQttTuxanPIT43FtkkCFypIod8LHo=
gitlab.com/yawning/bsaes.git v0.0.0-20190805113838-0a714cd429ec/go.mod h1:BZ1RAoRPbCxum9Grlv5aeksu2H8BiKehBYooU2LFiOQ=
gitlab.com/yawning/x448.git v0.0.0-20221003101044-617eb9b7d9b7 h1:ITrNVw6uSwSdEap0RR4us4RV1CHPBHvBZApENRcDk3c=
gitlab.com/yawning/x448.git v0.0.0-20221003101044-617eb9b7d9b7/go.mod h1:BC2R0OW0tAYTMNLB4UMXwkk7WKokoDZP5n73hyLPyCo=
golang.org/x/crypto v0.49.0 h1:+Ng2ULVvLHnJ/ZFEq4KdcDd/cfjrrjjNSXNzxg0Y4U4=
golang.org/x/crypto v0.49.0/go.mod h1:ErX4dUh2UM+CFYiXZRTcMpEcN8b/1gxEuv3nODoYtCA=
golang.org/x/sys v0.0.0-20190804053845-51ab0e2deafa/go.mod h1:h1NjWce9XRLGQEsW7wpKNCjG9DtNlClVuFLEZdDNbEs=
golang.org/x/sys v0.0.0-20190902133755-9109b7679e13/go.mod h1:h1NjWce9XRLGQEsW7wpKNCjG9DtNlClVuFLEZdDNbEs=
golang.org/x/sys v0.42.0 h1:omrd2nAlyT5ESRdCLYdm3+fMfNFE/+Rf4bDIQImRJeo=
golang.org/x/sys v0.42.0/go.mod h1:4GL1E5IUh+htKOUEOaiffhrAeqysfVGipDYzABqnCmw=
gopkg.in/check.v1 v0.0.0-20161208181325-20d25e280405/go.mod h1:Co6ibVJAznAaIkqp8huTwlJQCZ016jof/cbN4VW5Yz0=
gopkg.in/yaml.v2 v2.2.2/go.mod h1:hI93XBmqTisBFMUTm0b8Fm+jr3Dg1NNxqwp+5A1VGuI=
